
Microsoft Visual Studio Solution File, Format Version 12.00
# Visual Studio Version 16
VisualStudioVersion = 16.0.30717.126
MinimumVisualStudioVersion = 10.0.40219.1
Project("{9A19103F-16F7-4668-BE54-9A1E7A4F7556}") = "agilpay-xamarin-forms-sample", "agilpay-xamarin-forms-sample\agilpay-xamarin-forms-sample.csproj", "{55B7FEFE-A4A4-4CD2-A00D-8773DBFF43E2}"
EndProject
Project("{FAE04EC0-301F-11D3-BF4B-00C04F79EFBC}") = "agilpay-xamarin-forms-sample.Android", "agilpay-xamarin-forms-sample.Android\agilpay-xamarin-forms-sample.Android.csproj", "{3CD24033-A857-40F2-8717-15410B077254}"
EndProject
Project("{FAE04EC0-301F-11D3-BF4B-00C04F79EFBC}") = "agilpay-xamarin-forms-sample.iOS", "agilpay-xamarin-forms-sample.iOS\agilpay-xamarin-forms-sample.iOS.csproj", "{93419968-F59A-4625-88AA-3CA870CC1AC8}"
EndProject
Global
	GlobalSection(SolutionConfigurationPlatforms) = preSolution
		Debug|Any CPU = Debug|Any CPU
		Debug|iPhone = Debug|iPhone
		Debug|iPhoneSimulator = Debug|iPhoneSimulator
		Release|Any CPU = Release|Any CPU
		Release|iPhone = Release|iPhone
		Release|iPhoneSimulator = Release|iPhoneSimulator
	EndGlobalSection
	GlobalSection(ProjectConfigurationPlatforms) = postSolution
		{55B7FEFE-A4A4-4CD2-A00D-8773DBFF43E2}.Debug|Any CPU.ActiveCfg = Debug|Any CPU
		{55B7FEFE-A4A4-4CD2-A00D-8773DBFF43E2}.Debug|Any CPU.Build.0 = Debug|Any CPU
		{55B7FEFE-A4A4-4CD2-A00D-8773DBFF43E2}.Debug|iPhone.ActiveCfg = Debug|Any CPU
		{55B7FEFE-A4A4-4CD2-A00D-8773DBFF43E2}.Debug|iPhone.Build.0 = Debug|Any CPU
		{55B7FEFE-A4A4-4CD2-A00D-8773DBFF43E2}.Debug|iPhoneSimulator.ActiveCfg = Debug|Any CPU
		{55B7FEFE-A4A4-4CD2-A00D-8773DBFF43E2}.Debug|iPhoneSimulator.Build.0 = Debug|Any CPU
		{55B7FEFE-A4A4-4CD2-A00D-8773DBFF43E2}.Release|Any CPU.ActiveCfg = Release|Any CPU
		{55B7FEFE-A4A4-4CD2-A00D-8773DBFF43E2}.Release|Any CPU.Build.0 = Release|Any CPU
		{55B7FEFE-A4A4-4CD2-A00D-8773DBFF43E2}.Release|iPhone.ActiveCfg = Release|Any CPU
		{55B7FEFE-A4A4-4CD2-A00D-8773DBFF43E2}.Release|iPhone.Build.0 = Release|Any CPU
		{55B7FEFE-A4A4-4CD2-A00D-8773DBFF43E2}.Release|iPhoneSimulator.ActiveCfg = Release|Any CPU
		{55B7FEFE-A4A4-4CD2-A00D-8773DBFF43E2}.Release|iPhoneSimulator.Build.0 = Release|Any CPU
		{3CD24033-A857-40F2-8717-15410B077254}.Debug|Any CPU.ActiveCfg = Debug|Any CPU
		{3CD24033-A857-40F2-8717-15410B077254}.Debug|Any CPU.Build.0 = Debug|Any CPU
		{3CD24033-A857-40F2-8717-15410B077254}.Debug|Any CPU.Deploy.0 = Debug|Any CPU
		{3CD24033-A857-40F2-8717-15410B077254}.Debug|iPhone.ActiveCfg = Debug|Any CPU
		{3CD24033-A857-40F2-8717-15410B077254}.Debug|iPhone.Build.0 = Debug|Any CPU
		{3CD24033-A857-40F2-8717-15410B077254}.Debug|iPhone.Deploy.0 = Debug|Any CPU
		{3CD24033-A857-40F2-8717-15410B077254}.Debug|iPhoneSimulator.ActiveCfg = Debug|Any CPU
		{3CD24033-A857-40F2-8717-15410B077254}.Debug|iPhoneSimulator.Build.0 = Debug|Any CPU
		{3CD24033-A857-40F2-8717-15410B077254}.Debug|iPhoneSimulator.Deploy.0 = Debug|Any CPU
		{3CD24033-A857-40F2-8717-15410B077254}.Release|Any CPU.ActiveCfg = Release|Any CPU
		{3CD24033-A857-40F2-8717-15410B077254}.Release|Any CPU.Build.0 = Release|Any CPU
		{3CD24033-A857-40F2-8717-15410B077254}.Release|Any CPU.Deploy.0 = Release|Any CPU
		{3CD24033-A857-40F2-8717-15410B077254}.Release|iPhone.ActiveCfg = Release|Any CPU
		{3CD24033-A857-40F2-8717-15410B077254}.Release|iPhone.Build.0 = Release|Any CPU
		{3CD24033-A857-40F2-8717-15410B077254}.Release|iPhone.Deploy.0 = Release|Any CPU
		{3CD24033-A857-40F2-8717-15410B077254}.Release|iPhoneSimulator.ActiveCfg = Release|Any CPU
		{3CD24033-A857-40F2-8717-15410B077254}.Release|iPhoneSimulator.Build.0 = Release|Any CPU
		{3CD24033-A857-40F2-8717-15410B077254}.Release|iPhoneSimulator.Deploy.0 = Release|Any CPU
		{93419968-F59A-4625-88AA-3CA870CC1AC8}.Debug|Any CPU.ActiveCfg = Debug|iPhoneSimulator
		{93419968-F59A-4625-88AA-3CA870CC1AC8}.Debug|iPhone.ActiveCfg = Debug|iPhone
		{93419968-F59A-4625-88AA-3CA870CC1AC8}.Debug|iPhone.Build.0 = Debug|iPhone
		{93419968-F59A-4625-88AA-3CA870CC1AC8}.Debug|iPhoneSimulator.ActiveCfg = Debug|iPhoneSimulator
		{93419968-F59A-4625-88AA-3CA870CC1AC8}.Debug|iPhoneSimulator.Build.0 = Debug|iPhoneSimulator
		{93419968-F59A-4625-88AA-3CA870CC1AC8}.Release|Any CPU.ActiveCfg = Release|iPhoneSimulator
		{93419968-F59A-4625-88AA-3CA870CC1AC8}.Release|iPhone.ActiveCfg = Release|iPhone
		{93419968-F59A-4625-88AA-3CA870CC1AC8}.Release|iPhone.Build.0 = Release|iPhone
		{93419968-F59A-4625-88AA-3CA870CC1AC8}.Release|iPhoneSimulator.ActiveCfg = Release|iPhoneSimulator
		{93419968-F59A-4625-88AA-3CA870CC1AC8}.Release|iPhoneSimulator.Build.0 = Release|iPhoneSimulator
	EndGlobalSection
	GlobalSection(SolutionProperties) = preSolution
		HideSolutionNode = FALSE
	EndGlobalSection
	GlobalSection(ExtensibilityGlobals) = postSolution
		SolutionGuid = {E8360AC2-FD87-4647-81EC-69D3B3DD03D9}
	EndGlobalSection
EndGlobal
